// !$*UTF8*$!
{
	archiveVersion = 1;
	classes = {
	};
	objectVersion = 46;
	objects = {

/* Begin PBXBuildFile section */
		C63394F81D14703E00CBB862 /* CocoaSkeletonCore.h in Headers */ = {isa = PBXBuildFile; fileRef = C63394F41D14702C00CBB862 /* CocoaSkeletonCore.h */; settings = {ATTRIBUTES = (Public, ); }; };
		C63394FB1D14704D00CBB862 /* CocoaSkeletonCore.h in Headers */ = {isa = PBXBuildFile; fileRef = C63394F91D14704D00CBB862 /* CocoaSkeletonCore.h */; settings = {ATTRIBUTES = (Public, ); }; };
		C63394FF1D14708100CBB862 /* Entity.swift in Sources */ = {isa = PBXBuildFile; fileRef = C63394FD1D14708100CBB862 /* Entity.swift */; };
		C63395001D14708100CBB862 /* Entity+CoreDataProperties.swift in Sources */ = {isa = PBXBuildFile; fileRef = C63394FE1D14708100CBB862 /* Entity+CoreDataProperties.swift */; };
		C63395021D14708B00CBB862 /* Data.xcdatamodeld in Sources */ = {isa = PBXBuildFile; fileRef = C63395011D14708B00CBB862 /* Data.xcdatamodeld */; };
		C63395061D14709300CBB862 /* NSManagedObjectContext+Helper.swift in Sources */ = {isa = PBXBuildFile; fileRef = C63395031D14709300CBB862 /* NSManagedObjectContext+Helper.swift */; };
		C63395071D14709300CBB862 /* NSManagedObjectModel+Helper.swift in Sources */ = {isa = PBXBuildFile; fileRef = C63395041D14709300CBB862 /* NSManagedObjectModel+Helper.swift */; };
		C63395081D14709300CBB862 /* NSPersistentStoreCoordinator+Helper.swift in Sources */ = {isa = PBXBuildFile; fileRef = C63395051D14709300CBB862 /* NSPersistentStoreCoordinator+Helper.swift */; };
		C633950C1D1470A700CBB862 /* App.swift in Sources */ = {isa = PBXBuildFile; fileRef = C63395091D1470A700CBB862 /* App.swift */; };
		C633950D1D1470A700CBB862 /* ContextCoordinator.swift in Sources */ = {isa = PBXBuildFile; fileRef = C633950A1D1470A700CBB862 /* ContextCoordinator.swift */; };
		C633950E1D1470A700CBB862 /* LogFormatter.swift in Sources */ = {isa = PBXBuildFile; fileRef = C633950B1D1470A700CBB862 /* LogFormatter.swift */; };
		C63395521D147B8D00CBB862 /* App.swift in Sources */ = {isa = PBXBuildFile; fileRef = C63395091D1470A700CBB862 /* App.swift */; };
		C63395631D147B8F00CBB862 /* ContextCoordinator.swift in Sources */ = {isa = PBXBuildFile; fileRef = C633950A1D1470A700CBB862 /* ContextCoordinator.swift */; };
		C63395641D147B9100CBB862 /* LogFormatter.swift in Sources */ = {isa = PBXBuildFile; fileRef = C633950B1D1470A700CBB862 /* LogFormatter.swift */; };
		C63395651D147B9300CBB862 /* NSPersistentStoreCoordinator+Helper.swift in Sources */ = {isa = PBXBuildFile; fileRef = C63395051D14709300CBB862 /* NSPersistentStoreCoordinator+Helper.swift */; };
		C63395661D147B9600CBB862 /* NSManagedObjectModel+Helper.swift in Sources */ = {isa = PBXBuildFile; fileRef = C63395041D14709300CBB862 /* NSManagedObjectModel+Helper.swift */; };
		C63395671D147B9800CBB862 /* NSManagedObjectContext+Helper.swift in Sources */ = {isa = PBXBuildFile; fileRef = C63395031D14709300CBB862 /* NSManagedObjectContext+Helper.swift */; };
		C63395681D147B9C00CBB862 /* Entity.swift in Sources */ = {isa = PBXBuildFile; fileRef = C63394FD1D14708100CBB862 /* Entity.swift */; };
		C63395691D147B9C00CBB862 /* Entity+CoreDataProperties.swift in Sources */ = {isa = PBXBuildFile; fileRef = C63394FE1D14708100CBB862 /* Entity+CoreDataProperties.swift */; };
		C633956A1D147B9E00CBB862 /* Data.xcdatamodeld in Sources */ = {isa = PBXBuildFile; fileRef = C63395011D14708B00CBB862 /* Data.xcdatamodeld */; };
		C633959F1D147D0E00CBB862 /* Entity.swift in Sources */ = {isa = PBXBuildFile; fileRef = C63394FD1D14708100CBB862 /* Entity.swift */; };
		C63395A01D147D0E00CBB862 /* Entity+CoreDataProperties.swift in Sources */ = {isa = PBXBuildFile; fileRef = C63394FE1D14708100CBB862 /* Entity+CoreDataProperties.swift */; };
		C63395A11D147D0E00CBB862 /* NSManagedObjectContext+Helper.swift in Sources */ = {isa = PBXBuildFile; fileRef = C63395031D14709300CBB862 /* NSManagedObjectContext+Helper.swift */; };
		C63395A21D147D0E00CBB862 /* NSManagedObjectModel+Helper.swift in Sources */ = {isa = PBXBuildFile; fileRef = C63395041D14709300CBB862 /* NSManagedObjectModel+Helper.swift */; };
		C63395A31D147D0E00CBB862 /* NSPersistentStoreCoordinator+Helper.swift in Sources */ = {isa = PBXBuildFile; fileRef = C63395051D14709300CBB862 /* NSPersistentStoreCoordinator+Helper.swift */; };
		C63395A41D147D0E00CBB862 /* App.swift in Sources */ = {isa = PBXBuildFile; fileRef = C63395091D1470A700CBB862 /* App.swift */; };
		C63395A51D147D0E00CBB862 /* ContextCoordinator.swift in Sources */ = {isa = PBXBuildFile; fileRef = C633950A1D1470A700CBB862 /* ContextCoordinator.swift */; };
		C63395A61D147D0E00CBB862 /* LogFormatter.swift in Sources */ = {isa = PBXBuildFile; fileRef = C633950B1D1470A700CBB862 /* LogFormatter.swift */; };
		C63395A71D147D1000CBB862 /* Data.xcdatamodeld in Sources */ = {isa = PBXBuildFile; fileRef = C63395011D14708B00CBB862 /* Data.xcdatamodeld */; };
		C63395A81D147D3E00CBB862 /* CocoaLumberjackSwift.framework in Frameworks */ = {isa = PBXBuildFile; fileRef = C6E1D7181D0F9636007B7630 /* CocoaLumberjackSwift.framework */; };
		C63395AB1D147DA700CBB862 /* CocoaSkeletonCore.h in Headers */ = {isa = PBXBuildFile; fileRef = C63395A91D147DA700CBB862 /* CocoaSkeletonCore.h */; settings = {ATTRIBUTES = (Public, ); }; };
		C63395BC1D147E3E00CBB862 /* CocoaSkeletonCore.h in Headers */ = {isa = PBXBuildFile; fileRef = C63395BA1D147E3E00CBB862 /* CocoaSkeletonCore.h */; settings = {ATTRIBUTES = (Public, ); }; };
		C6E1D7691D0F9911007B7630 /* CocoaLumberjackSwift.framework in Frameworks */ = {isa = PBXBuildFile; fileRef = C6E1D70E1D0F9636007B7630 /* CocoaLumberjackSwift.framework */; };
		C6E1D7981D0F9C11007B7630 /* CocoaLumberjackSwift.framework in Frameworks */ = {isa = PBXBuildFile; fileRef = C6E1D7121D0F9636007B7630 /* CocoaLumberjackSwift.framework */; };
/* End PBXBuildFile section */

/* Begin PBXContainerItemProxy section */
		C6E1D70B1D0F9636007B7630 /* PBXContainerItemProxy */ = {
			isa = PBXContainerItemProxy;
			containerPortal = C6E1D6F81D0F9636007B7630 /* Lumberjack.xcodeproj */;
			proxyType = 2;
			remoteGlobalIDString = DCB3185114EB418E001CFBEE;
			remoteInfo = CocoaLumberjack;
		};
		C6E1D70D1D0F9636007B7630 /* PBXContainerItemProxy */ = {
			isa = PBXContainerItemProxy;
			containerPortal = C6E1D6F81D0F9636007B7630 /* Lumberjack.xcodeproj */;
			proxyType = 2;
			remoteGlobalIDString = 18F3BF0F1A81D8B700692297;
			remoteInfo = CocoaLumberjackSwift;
		};
		C6E1D70F1D0F9636007B7630 /* PBXContainerItemProxy */ = {
			isa = PBXContainerItemProxy;
			containerPortal = C6E1D6F81D0F9636007B7630 /* Lumberjack.xcodeproj */;
			proxyType = 2;
			remoteGlobalIDString = 19FF46021B8B4CF400B43179;
			remoteInfo = "CocoaLumberjack-iOS";
		};
		C6E1D7111D0F9636007B7630 /* PBXContainerItemProxy */ = {
			isa = PBXContainerItemProxy;
			containerPortal = C6E1D6F81D0F9636007B7630 /* Lumberjack.xcodeproj */;
			proxyType = 2;
			remoteGlobalIDString = 19FF460F1B8B4D1400B43179;
			remoteInfo = "CocoaLumberjackSwift-iOS";
		};
		C6E1D7131D0F9636007B7630 /* PBXContainerItemProxy */ = {
			isa = PBXContainerItemProxy;
			containerPortal = C6E1D6F81D0F9636007B7630 /* Lumberjack.xcodeproj */;
			proxyType = 2;
			remoteGlobalIDString = 18F3BFD71A81E06E00692297;
			remoteInfo = "CocoaLumberjack-iOS-Static";
		};
		C6E1D7151D0F9636007B7630 /* PBXContainerItemProxy */ = {
			isa = PBXContainerItemProxy;
			containerPortal = C6E1D6F81D0F9636007B7630 /* Lumberjack.xcodeproj */;
			proxyType = 2;
			remoteGlobalIDString = 19190EDE1B84D812008D059E;
			remoteInfo = "CocoaLumberjack-watchOS";
		};
		C6E1D7171D0F9636007B7630 /* PBXContainerItemProxy */ = {
			isa = PBXContainerItemProxy;
			containerPortal = C6E1D6F81D0F9636007B7630 /* Lumberjack.xcodeproj */;
			proxyType = 2;
			remoteGlobalIDString = 19190EEB1B84D826008D059E;
			remoteInfo = "CocoaLumberjackSwift-watchOS";
		};
		C6E1D7191D0F9636007B7630 /* PBXContainerItemProxy */ = {
			isa = PBXContainerItemProxy;
			containerPortal = C6E1D6F81D0F9636007B7630 /* Lumberjack.xcodeproj */;
			proxyType = 2;
			remoteGlobalIDString = 19D90B261BBFA9DB00947169;
			remoteInfo = "CocoaLumberjack-tvOS";
		};
		C6E1D71B1D0F9636007B7630 /* PBXContainerItemProxy */ = {
			isa = PBXContainerItemProxy;
			containerPortal = C6E1D6F81D0F9636007B7630 /* Lumberjack.xcodeproj */;
			proxyType = 2;
			remoteGlobalIDString = 19D90B351BBFAA7500947169;
			remoteInfo = "CocoaLumberjackSwift-tvOS";
		};
		C6E1D71D1D0F9636007B7630 /* PBXContainerItemProxy */ = {
			isa = PBXContainerItemProxy;
			containerPortal = C6E1D6F81D0F9636007B7630 /* Lumberjack.xcodeproj */;
			proxyType = 2;
			remoteGlobalIDString = DCB318CA14ED6C3B001CFBEE;
			remoteInfo = FmwkTest;
		};
		C6E1D71F1D0F9636007B7630 /* PBXContainerItemProxy */ = {
			isa = PBXContainerItemProxy;
			containerPortal = C6E1D6F81D0F9636007B7630 /* Lumberjack.xcodeproj */;
			proxyType = 2;
			remoteGlobalIDString = 55CCBEFF19BA679200957A39;
			remoteInfo = SwiftTest;
		};
		C6E1D7211D0F9636007B7630 /* PBXContainerItemProxy */ = {
			isa = PBXContainerItemProxy;
			containerPortal = C6E1D6F81D0F9636007B7630 /* Lumberjack.xcodeproj */;
			proxyType = 2;
			remoteGlobalIDString = 18F3BF5F1A81DD2E00692297;
			remoteInfo = iOSSwiftTest;
		};
		C6E1D7231D0F9636007B7630 /* PBXContainerItemProxy */ = {
			isa = PBXContainerItemProxy;
			containerPortal = C6E1D6F81D0F9636007B7630 /* Lumberjack.xcodeproj */;
			proxyType = 2;
			remoteGlobalIDString = 19EC14671B84D134000EC2E7;
			remoteInfo = watchOSSwiftTest;
		};
		C6E1D7251D0F9636007B7630 /* PBXContainerItemProxy */ = {
			isa = PBXContainerItemProxy;
			containerPortal = C6E1D6F81D0F9636007B7630 /* Lumberjack.xcodeproj */;
			proxyType = 2;
			remoteGlobalIDString = 19EC14731B84D134000EC2E7;
			remoteInfo = "watchOSSwiftTest Extension";
		};
		C6E1D7271D0F9636007B7630 /* PBXContainerItemProxy */ = {
			isa = PBXContainerItemProxy;
			containerPortal = C6E1D6F81D0F9636007B7630 /* Lumberjack.xcodeproj */;
			proxyType = 2;
			remoteGlobalIDString = 19406BE11BDBABFF001194DC;
			remoteInfo = tvOSSwiftTest;
		};
		C6E1D7291D0F9636007B7630 /* PBXContainerItemProxy */ = {
			isa = PBXContainerItemProxy;
			containerPortal = C6E1D6F81D0F9636007B7630 /* Lumberjack.xcodeproj */;
			proxyType = 2;
			remoteGlobalIDString = 18F3BFF21A81E0C700692297;
			remoteInfo = iOSLibStaticTest;
		};
/* End PBXContainerItemProxy section */

/* Begin PBXFileReference section */
		C63394F41D14702C00CBB862 /* CocoaSkeletonCore.h */ = {isa = PBXFileReference; fileEncoding = 4; lastKnownFileType = sourcecode.c.h; name = CocoaSkeletonCore.h; path = CocoaSkeletonCore/macOS/CocoaSkeletonCore.h; sourceTree = SOURCE_ROOT; };
		C63394F51D14702C00CBB862 /* Info.plist */ = {isa = PBXFileReference; fileEncoding = 4; lastKnownFileType = text.plist.xml; name = Info.plist; path = CocoaSkeletonCore/macOS/Info.plist; sourceTree = SOURCE_ROOT; };
		C63394F91D14704D00CBB862 /* CocoaSkeletonCore.h */ = {isa = PBXFileReference; fileEncoding = 4; lastKnownFileType = sourcecode.c.h; name = CocoaSkeletonCore.h; path = CocoaSkeletonCore/iOS/CocoaSkeletonCore.h; sourceTree = SOURCE_ROOT; };
		C63394FA1D14704D00CBB862 /* Info.plist */ = {isa = PBXFileReference; fileEncoding = 4; lastKnownFileType = text.plist.xml; name = Info.plist; path = CocoaSkeletonCore/iOS/Info.plist; sourceTree = SOURCE_ROOT; };
		C63394FD1D14708100CBB862 /* Entity.swift */ = {isa = PBXFileReference; fileEncoding = 4; lastKnownFileType = sourcecode.swift; name = Entity.swift; path = CocoaSkeletonCore/Classes/Entity.swift; sourceTree = SOURCE_ROOT; };
		C63394FE1D14708100CBB862 /* Entity+CoreDataProperties.swift */ = {isa = PBXFileReference; fileEncoding = 4; lastKnownFileType = sourcecode.swift; name = "Entity+CoreDataProperties.swift"; path = "CocoaSkeletonCore/Classes/Entity+CoreDataProperties.swift"; sourceTree = SOURCE_ROOT; };
		C63395031D14709300CBB862 /* NSManagedObjectContext+Helper.swift */ = {isa = PBXFileReference; fileEncoding = 4; lastKnownFileType = sourcecode.swift; name = "NSManagedObjectContext+Helper.swift"; path = "CocoaSkeletonCore/Classes/NSManagedObjectContext+Helper.swift"; sourceTree = SOURCE_ROOT; };
		C63395041D14709300CBB862 /* NSManagedObjectModel+Helper.swift */ = {isa = PBXFileReference; fileEncoding = 4; lastKnownFileType = sourcecode.swift; name = "NSManagedObjectModel+Helper.swift"; path = "CocoaSkeletonCore/Classes/NSManagedObjectModel+Helper.swift"; sourceTree = SOURCE_ROOT; };
		C63395051D14709300CBB862 /* NSPersistentStoreCoordinator+Helper.swift */ = {isa = PBXFileReference; fileEncoding = 4; lastKnownFileType = sourcecode.swift; name = "NSPersistentStoreCoordinator+Helper.swift"; path = "CocoaSkeletonCore/Classes/NSPersistentStoreCoordinator+Helper.swift"; sourceTree = SOURCE_ROOT; };
		C63395091D1470A700CBB862 /* App.swift */ = {isa = PBXFileReference; fileEncoding = 4; lastKnownFileType = sourcecode.swift; name = App.swift; path = CocoaSkeletonCore/Classes/App.swift; sourceTree = SOURCE_ROOT; };
		C633950A1D1470A700CBB862 /* ContextCoordinator.swift */ = {isa = PBXFileReference; fileEncoding = 4; lastKnownFileType = sourcecode.swift; name = ContextCoordinator.swift; path = CocoaSkeletonCore/Classes/ContextCoordinator.swift; sourceTree = SOURCE_ROOT; };
		C633950B1D1470A700CBB862 /* LogFormatter.swift */ = {isa = PBXFileReference; fileEncoding = 4; lastKnownFileType = sourcecode.swift; name = LogFormatter.swift; path = CocoaSkeletonCore/Classes/LogFormatter.swift; sourceTree = SOURCE_ROOT; };
		C63395871D147CFB00CBB862 /* CocoaSkeletonCore.framework */ = {isa = PBXFileReference; explicitFileType = wrapper.framework; includeInIndex = 0; path = CocoaSkeletonCore.framework; sourceTree = BUILT_PRODUCTS_DIR; };
		C63395A91D147DA700CBB862 /* CocoaSkeletonCore.h */ = {isa = PBXFileReference; fileEncoding = 4; lastKnownFileType = sourcecode.c.h; name = CocoaSkeletonCore.h; path = CocoaSkeletonCore/watchOS/CocoaSkeletonCore.h; sourceTree = SOURCE_ROOT; };
		C63395AA1D147DA700CBB862 /* Info.plist */ = {isa = PBXFileReference; fileEncoding = 4; lastKnownFileType = text.plist.xml; name = Info.plist; path = CocoaSkeletonCore/watchOS/Info.plist; sourceTree = SOURCE_ROOT; };
		C63395B21D147E1700CBB862 /* CocoaSkeletonCore.framework */ = {isa = PBXFileReference; explicitFileType = wrapper.framework; includeInIndex = 0; path = CocoaSkeletonCore.framework; sourceTree = BUILT_PRODUCTS_DIR; };
		C63395BA1D147E3E00CBB862 /* CocoaSkeletonCore.h */ = {isa = PBXFileReference; fileEncoding = 4; lastKnownFileType = sourcecode.c.h; name = CocoaSkeletonCore.h; path = CocoaSkeletonCore/tvOS/CocoaSkeletonCore.h; sourceTree = SOURCE_ROOT; };
		C63395BB1D147E3E00CBB862 /* Info.plist */ = {isa = PBXFileReference; fileEncoding = 4; lastKnownFileType = text.plist.xml; name = Info.plist; path = CocoaSkeletonCore/tvOS/Info.plist; sourceTree = SOURCE_ROOT; };
		C6E1D6F81D0F9636007B7630 /* Lumberjack.xcodeproj */ = {isa = PBXFileReference; lastKnownFileType = "wrapper.pb-project"; name = Lumberjack.xcodeproj; path = External/CocoaLumberjack/Lumberjack.xcodeproj; sourceTree = "<group>"; };
		C6E1D7531D0F98B5007B7630 /* CocoaSkeletonCore.framework */ = {isa = PBXFileReference; explicitFileType = wrapper.framework; includeInIndex = 0; path = CocoaSkeletonCore.framework; sourceTree = BUILT_PRODUCTS_DIR; };
		C6E1D7601D0F98C3007B7630 /* CocoaSkeletonCore.framework */ = {isa = PBXFileReference; explicitFileType = wrapper.framework; includeInIndex = 0; path = CocoaSkeletonCore.framework; sourceTree = BUILT_PRODUCTS_DIR; };
/* End PBXFileReference section */

/* Begin PBXFrameworksBuildPhase section */
		C63395831D147CFB00CBB862 /* Frameworks */ = {
			isa = PBXFrameworksBuildPhase;
			buildActionMask = 2147483647;
			files = (
				C63395A81D147D3E00CBB862 /* CocoaLumberjackSwift.framework in Frameworks */,
			);
			runOnlyForDeploymentPostprocessing = 0;
		};
		C63395AE1D147E1700CBB862 /* Frameworks */ = {
			isa = PBXFrameworksBuildPhase;
			buildActionMask = 2147483647;
			files = (
			);
			runOnlyForDeploymentPostprocessing = 0;
		};
		C6E1D74F1D0F98B5007B7630 /* Frameworks */ = {
			isa = PBXFrameworksBuildPhase;
			buildActionMask = 2147483647;
			files = (
				C6E1D7981D0F9C11007B7630 /* CocoaLumberjackSwift.framework in Frameworks */,
			);
			runOnlyForDeploymentPostprocessing = 0;
		};
		C6E1D75C1D0F98C3007B7630 /* Frameworks */ = {
			isa = PBXFrameworksBuildPhase;
			buildActionMask = 2147483647;
			files = (
				C6E1D7691D0F9911007B7630 /* CocoaLumberjackSwift.framework in Frameworks */,
			);
			runOnlyForDeploymentPostprocessing = 0;
		};
/* End PBXFrameworksBuildPhase section */

/* Begin PBXGroup section */
		C60685B91D0FB21E00E1238E /* Controller */ = {
			isa = PBXGroup;
			children = (
				C63395091D1470A700CBB862 /* App.swift */,
				C633950A1D1470A700CBB862 /* ContextCoordinator.swift */,
				C633950B1D1470A700CBB862 /* LogFormatter.swift */,
			);
			name = Controller;
			sourceTree = "<group>";
		};
		C60685CA1D0FB22C00E1238E /* Data */ = {
			isa = PBXGroup;
			children = (
				C641BDED1D10922300981627 /* Managed Objects */,
				C63395031D14709300CBB862 /* NSManagedObjectContext+Helper.swift */,
				C63395041D14709300CBB862 /* NSManagedObjectModel+Helper.swift */,
				C63395051D14709300CBB862 /* NSPersistentStoreCoordinator+Helper.swift */,
			);
			name = Data;
			sourceTree = "<group>";
		};
		C63395881D147CFB00CBB862 /* CocoaSkeletonCore-watchOS */ = {
			isa = PBXGroup;
			children = (
				C63395A91D147DA700CBB862 /* CocoaSkeletonCore.h */,
				C63395AA1D147DA700CBB862 /* Info.plist */,
			);
			path = "CocoaSkeletonCore-watchOS";
			sourceTree = "<group>";
		};
		C63395B31D147E1700CBB862 /* CocoaSkeletonCore-tvOS */ = {
			isa = PBXGroup;
			children = (
				C63395BA1D147E3E00CBB862 /* CocoaSkeletonCore.h */,
				C63395BB1D147E3E00CBB862 /* Info.plist */,
			);
			path = "CocoaSkeletonCore-tvOS";
			sourceTree = "<group>";
		};
		C641BDED1D10922300981627 /* Managed Objects */ = {
			isa = PBXGroup;
			children = (
				C63395011D14708B00CBB862 /* Data.xcdatamodeld */,
				C63394FD1D14708100CBB862 /* Entity.swift */,
				C63394FE1D14708100CBB862 /* Entity+CoreDataProperties.swift */,
			);
			name = "Managed Objects";
			sourceTree = "<group>";
		};
		C6721BA31D0DF384001097F0 = {
			isa = PBXGroup;
			children = (
				C6E1D6F81D0F9636007B7630 /* Lumberjack.xcodeproj */,
				C6721BAF1D0DF384001097F0 /* CocoaSkeletonCore */,
				C6E1D7541D0F98B5007B7630 /* CocoaSkeletonCore-iOS */,
				C6E1D7611D0F98C3007B7630 /* CocoaSkeletonCore-macOS */,
				C63395881D147CFB00CBB862 /* CocoaSkeletonCore-watchOS */,
				C63395B31D147E1700CBB862 /* CocoaSkeletonCore-tvOS */,
				C6721BAE1D0DF384001097F0 /* Products */,
			);
			sourceTree = "<group>";
		};
		C6721BAE1D0DF384001097F0 /* Products */ = {
			isa = PBXGroup;
			children = (
				C6E1D7531D0F98B5007B7630 /* CocoaSkeletonCore.framework */,
				C6E1D7601D0F98C3007B7630 /* CocoaSkeletonCore.framework */,
				C63395871D147CFB00CBB862 /* CocoaSkeletonCore.framework */,
				C63395B21D147E1700CBB862 /* CocoaSkeletonCore.framework */,
			);
			name = Products;
			sourceTree = "<group>";
		};
		C6721BAF1D0DF384001097F0 /* CocoaSkeletonCore */ = {
			isa = PBXGroup;
			children = (
				C60685CA1D0FB22C00E1238E /* Data */,
				C60685B91D0FB21E00E1238E /* Controller */,
			);
			name = CocoaSkeletonCore;
			path = SkeletonCore;
			sourceTree = "<group>";
		};
		C6E1D6F91D0F9636007B7630 /* Products */ = {
			isa = PBXGroup;
			children = (
				C6E1D70C1D0F9636007B7630 /* CocoaLumberjack.framework */,
				C6E1D70E1D0F9636007B7630 /* CocoaLumberjackSwift.framework */,
				C6E1D7101D0F9636007B7630 /* CocoaLumberjack.framework */,
				C6E1D7121D0F9636007B7630 /* CocoaLumberjackSwift.framework */,
				C6E1D7141D0F9636007B7630 /* libCocoaLumberjack.a */,
				C6E1D7161D0F9636007B7630 /* CocoaLumberjack.framework */,
				C6E1D7181D0F9636007B7630 /* CocoaLumberjackSwift.framework */,
				C6E1D71A1D0F9636007B7630 /* CocoaLumberjack.framework */,
				C6E1D71C1D0F9636007B7630 /* CocoaLumberjackSwift.framework */,
				C6E1D71E1D0F9636007B7630 /* FmwkTest.app */,
				C6E1D7201D0F9636007B7630 /* SwiftTest.app */,
				C6E1D7221D0F9636007B7630 /* iOSSwiftTest.app */,
				C6E1D7241D0F9636007B7630 /* watchOSSwiftTest.app */,
				C6E1D7261D0F9636007B7630 /* watchOSSwiftTest Extension.appex */,
				C6E1D7281D0F9636007B7630 /* tvOSSwiftTest.app */,
				C6E1D72A1D0F9636007B7630 /* iOSLibStaticTest.app */,
			);
			name = Products;
			sourceTree = "<group>";
		};
		C6E1D7541D0F98B5007B7630 /* CocoaSkeletonCore-iOS */ = {
			isa = PBXGroup;
			children = (
				C63394F91D14704D00CBB862 /* CocoaSkeletonCore.h */,
				C63394FA1D14704D00CBB862 /* Info.plist */,
			);
			name = "CocoaSkeletonCore-iOS";
			path = "SkeletonCore-iOS";
			sourceTree = "<group>";
		};
		C6E1D7611D0F98C3007B7630 /* CocoaSkeletonCore-macOS */ = {
			isa = PBXGroup;
			children = (
				C63394F41D14702C00CBB862 /* CocoaSkeletonCore.h */,
				C63394F51D14702C00CBB862 /* Info.plist */,
			);
			name = "CocoaSkeletonCore-macOS";
			path = "SkeletonCore-macOS";
			sourceTree = "<group>";
		};
/* End PBXGroup section */

/* Begin PBXHeadersBuildPhase section */
		C63395841D147CFB00CBB862 /* Headers */ = {
			isa = PBXHeadersBuildPhase;
			buildActionMask = 2147483647;
			files = (
				C63395AB1D147DA700CBB862 /* CocoaSkeletonCore.h in Headers */,
			);
			runOnlyForDeploymentPostprocessing = 0;
		};
		C63395AF1D147E1700CBB862 /* Headers */ = {
			isa = PBXHeadersBuildPhase;
			buildActionMask = 2147483647;
			files = (
				C63395BC1D147E3E00CBB862 /* CocoaSkeletonCore.h in Headers */,
			);
			runOnlyForDeploymentPostprocessing = 0;
		};
		C6E1D7501D0F98B5007B7630 /* Headers */ = {
			isa = PBXHeadersBuildPhase;
			buildActionMask = 2147483647;
			files = (
				C63394FB1D14704D00CBB862 /* CocoaSkeletonCore.h in Headers */,
			);
			runOnlyForDeploymentPostprocessing = 0;
		};
		C6E1D75D1D0F98C3007B7630 /* Headers */ = {
			isa = PBXHeadersBuildPhase;
			buildActionMask = 2147483647;
			files = (
				C63394F81D14703E00CBB862 /* CocoaSkeletonCore.h in Headers */,
			);
			runOnlyForDeploymentPostprocessing = 0;
		};
/* End PBXHeadersBuildPhase section */

/* Begin PBXNativeTarget section */
		C63395861D147CFB00CBB862 /* CocoaSkeletonCore-watchOS */ = {
			isa = PBXNativeTarget;
			buildConfigurationList = C633959E1D147CFB00CBB862 /* Build configuration list for PBXNativeTarget "CocoaSkeletonCore-watchOS" */;
			buildPhases = (
				C63395821D147CFB00CBB862 /* Sources */,
				C63395831D147CFB00CBB862 /* Frameworks */,
				C63395841D147CFB00CBB862 /* Headers */,
				C63395851D147CFB00CBB862 /* Resources */,
			);
			buildRules = (
			);
			dependencies = (
			);
			name = "CocoaSkeletonCore-watchOS";
			productName = "CocoaSkeletonCore-watchOS";
			productReference = C63395871D147CFB00CBB862 /* CocoaSkeletonCore.framework */;
			productType = "com.apple.product-type.framework";
		};
		C63395B11D147E1700CBB862 /* CocoaSkeletonCore-tvOS */ = {
			isa = PBXNativeTarget;
			buildConfigurationList = C63395B71D147E1700CBB862 /* Build configuration list for PBXNativeTarget "CocoaSkeletonCore-tvOS" */;
			buildPhases = (
				C63395AD1D147E1700CBB862 /* Sources */,
				C63395AE1D147E1700CBB862 /* Frameworks */,
				C63395AF1D147E1700CBB862 /* Headers */,
				C63395B01D147E1700CBB862 /* Resources */,
			);
			buildRules = (
			);
			dependencies = (
			);
			name = "CocoaSkeletonCore-tvOS";
			productName = "CocoaSkeletonCore-tvOS";
			productReference = C63395B21D147E1700CBB862 /* CocoaSkeletonCore.framework */;
			productType = "com.apple.product-type.framework";
		};
		C6E1D7521D0F98B5007B7630 /* CocoaSkeletonCore-iOS */ = {
			isa = PBXNativeTarget;
			buildConfigurationList = C6E1D7581D0F98B5007B7630 /* Build configuration list for PBXNativeTarget "CocoaSkeletonCore-iOS" */;
			buildPhases = (
				C6E1D74E1D0F98B5007B7630 /* Sources */,
				C6E1D74F1D0F98B5007B7630 /* Frameworks */,
				C6E1D7501D0F98B5007B7630 /* Headers */,
				C6E1D7511D0F98B5007B7630 /* Resources */,
			);
			buildRules = (
			);
			dependencies = (
			);
			name = "CocoaSkeletonCore-iOS";
			productName = "SkeletonCore-iOS";
			productReference = C6E1D7531D0F98B5007B7630 /* CocoaSkeletonCore.framework */;
			productType = "com.apple.product-type.framework";
		};
		C6E1D75F1D0F98C3007B7630 /* CocoaSkeletonCore-macOS */ = {
			isa = PBXNativeTarget;
			buildConfigurationList = C6E1D7651D0F98C3007B7630 /* Build configuration list for PBXNativeTarget "CocoaSkeletonCore-macOS" */;
			buildPhases = (
				C6E1D75B1D0F98C3007B7630 /* Sources */,
				C6E1D75C1D0F98C3007B7630 /* Frameworks */,
				C6E1D75D1D0F98C3007B7630 /* Headers */,
				C6E1D75E1D0F98C3007B7630 /* Resources */,
			);
			buildRules = (
			);
			dependencies = (
			);
			name = "CocoaSkeletonCore-macOS";
			productName = "SkeletonCore-macOS";
			productReference = C6E1D7601D0F98C3007B7630 /* CocoaSkeletonCore.framework */;
			productType = "com.apple.product-type.framework";
		};
/* End PBXNativeTarget section */

/* Begin PBXProject section */
		C6721BA41D0DF384001097F0 /* Project object */ = {
			isa = PBXProject;
			attributes = {
				LastUpgradeCheck = 0730;
				ORGANIZATIONNAME = "Adam Kornafeld";
				TargetAttributes = {
					C63395861D147CFB00CBB862 = {
						CreatedOnToolsVersion = 7.3.1;
					};
					C63395B11D147E1700CBB862 = {
						CreatedOnToolsVersion = 7.3.1;
					};
					C6E1D7521D0F98B5007B7630 = {
						CreatedOnToolsVersion = 7.3.1;
					};
					C6E1D75F1D0F98C3007B7630 = {
						CreatedOnToolsVersion = 7.3.1;
					};
				};
			};
			buildConfigurationList = C6721BA71D0DF384001097F0 /* Build configuration list for PBXProject "CocoaSkeletonCore" */;
			compatibilityVersion = "Xcode 3.2";
			developmentRegion = English;
			hasScannedForEncodings = 0;
			knownRegions = (
				en,
			);
			mainGroup = C6721BA31D0DF384001097F0;
			productRefGroup = C6721BAE1D0DF384001097F0 /* Products */;
			projectDirPath = "";
			projectReferences = (
				{
					ProductGroup = C6E1D6F91D0F9636007B7630 /* Products */;
					ProjectRef = C6E1D6F81D0F9636007B7630 /* Lumberjack.xcodeproj */;
				},
			);
			projectRoot = "";
			targets = (
				C6E1D7521D0F98B5007B7630 /* CocoaSkeletonCore-iOS */,
				C6E1D75F1D0F98C3007B7630 /* CocoaSkeletonCore-macOS */,
				C63395861D147CFB00CBB862 /* CocoaSkeletonCore-watchOS */,
				C63395B11D147E1700CBB862 /* CocoaSkeletonCore-tvOS */,
			);
		};
/* End PBXProject section */

/* Begin PBXReferenceProxy section */
		C6E1D70C1D0F9636007B7630 /* CocoaLumberjack.framework */ = {
			isa = PBXReferenceProxy;
			fileType = wrapper.framework;
			path = CocoaLumberjack.framework;
			remoteRef = C6E1D70B1D0F9636007B7630 /* PBXContainerItemProxy */;
			sourceTree = BUILT_PRODUCTS_DIR;
		};
		C6E1D70E1D0F9636007B7630 /* CocoaLumberjackSwift.framework */ = {
			isa = PBXReferenceProxy;
			fileType = wrapper.framework;
			path = CocoaLumberjackSwift.framework;
			remoteRef = C6E1D70D1D0F9636007B7630 /* PBXContainerItemProxy */;
			sourceTree = BUILT_PRODUCTS_DIR;
		};
		C6E1D7101D0F9636007B7630 /* CocoaLumberjack.framework */ = {
			isa = PBXReferenceProxy;
			fileType = wrapper.framework;
			path = CocoaLumberjack.framework;
			remoteRef = C6E1D70F1D0F9636007B7630 /* PBXContainerItemProxy */;
			sourceTree = BUILT_PRODUCTS_DIR;
		};
		C6E1D7121D0F9636007B7630 /* CocoaLumberjackSwift.framework */ = {
			isa = PBXReferenceProxy;
			fileType = wrapper.framework;
			path = CocoaLumberjackSwift.framework;
			remoteRef = C6E1D7111D0F9636007B7630 /* PBXContainerItemProxy */;
			sourceTree = BUILT_PRODUCTS_DIR;
		};
		C6E1D7141D0F9636007B7630 /* libCocoaLumberjack.a */ = {
			isa = PBXReferenceProxy;
			fileType = archive.ar;
			path = libCocoaLumberjack.a;
			remoteRef = C6E1D7131D0F9636007B7630 /* PBXContainerItemProxy */;
			sourceTree = BUILT_PRODUCTS_DIR;
		};
		C6E1D7161D0F9636007B7630 /* CocoaLumberjack.framework */ = {
			isa = PBXReferenceProxy;
			fileType = wrapper.framework;
			path = CocoaLumberjack.framework;
			remoteRef = C6E1D7151D0F9636007B7630 /* PBXContainerItemProxy */;
			sourceTree = BUILT_PRODUCTS_DIR;
		};
		C6E1D7181D0F9636007B7630 /* CocoaLumberjackSwift.framework */ = {
			isa = PBXReferenceProxy;
			fileType = wrapper.framework;
			path = CocoaLumberjackSwift.framework;
			remoteRef = C6E1D7171D0F9636007B7630 /* PBXContainerItemProxy */;
			sourceTree = BUILT_PRODUCTS_DIR;
		};
		C6E1D71A1D0F9636007B7630 /* CocoaLumberjack.framework */ = {
			isa = PBXReferenceProxy;
			fileType = wrapper.framework;
			path = CocoaLumberjack.framework;
			remoteRef = C6E1D7191D0F9636007B7630 /* PBXContainerItemProxy */;
			sourceTree = BUILT_PRODUCTS_DIR;
		};
		C6E1D71C1D0F9636007B7630 /* CocoaLumberjackSwift.framework */ = {
			isa = PBXReferenceProxy;
			fileType = wrapper.framework;
			path = CocoaLumberjackSwift.framework;
			remoteRef = C6E1D71B1D0F9636007B7630 /* PBXContainerItemProxy */;
			sourceTree = BUILT_PRODUCTS_DIR;
		};
		C6E1D71E1D0F9636007B7630 /* FmwkTest.app */ = {
			isa = PBXReferenceProxy;
			fileType = wrapper.application;
			path = FmwkTest.app;
			remoteRef = C6E1D71D1D0F9636007B7630 /* PBXContainerItemProxy */;
			sourceTree = BUILT_PRODUCTS_DIR;
		};
		C6E1D7201D0F9636007B7630 /* SwiftTest.app */ = {
			isa = PBXReferenceProxy;
			fileType = wrapper.application;
			path = SwiftTest.app;
			remoteRef = C6E1D71F1D0F9636007B7630 /* PBXContainerItemProxy */;
			sourceTree = BUILT_PRODUCTS_DIR;
		};
		C6E1D7221D0F9636007B7630 /* iOSSwiftTest.app */ = {
			isa = PBXReferenceProxy;
			fileType = wrapper.application;
			path = iOSSwiftTest.app;
			remoteRef = C6E1D7211D0F9636007B7630 /* PBXContainerItemProxy */;
			sourceTree = BUILT_PRODUCTS_DIR;
		};
		C6E1D7241D0F9636007B7630 /* watchOSSwiftTest.app */ = {
			isa = PBXReferenceProxy;
			fileType = wrapper.application;
			path = watchOSSwiftTest.app;
			remoteRef = C6E1D7231D0F9636007B7630 /* PBXContainerItemProxy */;
			sourceTree = BUILT_PRODUCTS_DIR;
		};
		C6E1D7261D0F9636007B7630 /* watchOSSwiftTest Extension.appex */ = {
			isa = PBXReferenceProxy;
			fileType = "wrapper.app-extension";
			path = "watchOSSwiftTest Extension.appex";
			remoteRef = C6E1D7251D0F9636007B7630 /* PBXContainerItemProxy */;
			sourceTree = BUILT_PRODUCTS_DIR;
		};
		C6E1D7281D0F9636007B7630 /* tvOSSwiftTest.app */ = {
			isa = PBXReferenceProxy;
			fileType = wrapper.application;
			path = tvOSSwiftTest.app;
			remoteRef = C6E1D7271D0F9636007B7630 /* PBXContainerItemProxy */;
			sourceTree = BUILT_PRODUCTS_DIR;
		};
		C6E1D72A1D0F9636007B7630 /* iOSLibStaticTest.app */ = {
			isa = PBXReferenceProxy;
			fileType = wrapper.application;
			path = iOSLibStaticTest.app;
			remoteRef = C6E1D7291D0F9636007B7630 /* PBXContainerItemProxy */;
			sourceTree = BUILT_PRODUCTS_DIR;
		};
/* End PBXReferenceProxy section */

/* Begin PBXResourcesBuildPhase section */
		C63395851D147CFB00CBB862 /* Resources */ = {
			isa = PBXResourcesBuildPhase;
			buildActionMask = 2147483647;
			files = (
			);
			runOnlyForDeploymentPostprocessing = 0;
		};
		C63395B01D147E1700CBB862 /* Resources */ = {
			isa = PBXResourcesBuildPhase;
			buildActionMask = 2147483647;
			files = (
			);
			runOnlyForDeploymentPostprocessing = 0;
		};
		C6E1D7511D0F98B5007B7630 /* Resources */ = {
			isa = PBXResourcesBuildPhase;
			buildActionMask = 2147483647;
			files = (
			);
			runOnlyForDeploymentPostprocessing = 0;
		};
		C6E1D75E1D0F98C3007B7630 /* Resources */ = {
			isa = PBXResourcesBuildPhase;
			buildActionMask = 2147483647;
			files = (
			);
			runOnlyForDeploymentPostprocessing = 0;
		};
/* End PBXResourcesBuildPhase section */

/* Begin PBXSourcesBuildPhase section */
		C63395821D147CFB00CBB862 /* Sources */ = {
			isa = PBXSourcesBuildPhase;
			buildActionMask = 2147483647;
			files = (
				C63395A51D147D0E00CBB862 /* ContextCoordinator.swift in Sources */,
				C63395A01D147D0E00CBB862 /* Entity+CoreDataProperties.swift in Sources */,
				C633959F1D147D0E00CBB862 /* Entity.swift in Sources */,
				C63395A61D147D0E00CBB862 /* LogFormatter.swift in Sources */,
				C63395A71D147D1000CBB862 /* Data.xcdatamodeld in Sources */,
				C63395A11D147D0E00CBB862 /* NSManagedObjectContext+Helper.swift in Sources */,
				C63395A41D147D0E00CBB862 /* App.swift in Sources */,
				C63395A31D147D0E00CBB862 /* NSPersistentStoreCoordinator+Helper.swift in Sources */,
				C63395A21D147D0E00CBB862 /* NSManagedObjectModel+Helper.swift in Sources */,
			);
			runOnlyForDeploymentPostprocessing = 0;
		};
		C63395AD1D147E1700CBB862 /* Sources */ = {
			isa = PBXSourcesBuildPhase;
			buildActionMask = 2147483647;
			files = (
			);
			runOnlyForDeploymentPostprocessing = 0;
		};
		C6E1D74E1D0F98B5007B7630 /* Sources */ = {
			isa = PBXSourcesBuildPhase;
			buildActionMask = 2147483647;
			files = (
				C63395061D14709300CBB862 /* NSManagedObjectContext+Helper.swift in Sources */,
				C63395001D14708100CBB862 /* Entity+CoreDataProperties.swift in Sources */,
				C633950C1D1470A700CBB862 /* App.swift in Sources */,
				C63395021D14708B00CBB862 /* Data.xcdatamodeld in Sources */,
				C63394FF1D14708100CBB862 /* Entity.swift in Sources */,
				C63395071D14709300CBB862 /* NSManagedObjectModel+Helper.swift in Sources */,
				C633950D1D1470A700CBB862 /* ContextCoordinator.swift in Sources */,
				C63395081D14709300CBB862 /* NSPersistentStoreCoordinator+Helper.swift in Sources */,
				C633950E1D1470A700CBB862 /* LogFormatter.swift in Sources */,
			);
			runOnlyForDeploymentPostprocessing = 0;
		};
		C6E1D75B1D0F98C3007B7630 /* Sources */ = {
			isa = PBXSourcesBuildPhase;
			buildActionMask = 2147483647;
			files = (
				C63395631D147B8F00CBB862 /* ContextCoordinator.swift in Sources */,
				C63395661D147B9600CBB862 /* NSManagedObjectModel+Helper.swift in Sources */,
				C63395691D147B9C00CBB862 /* Entity+CoreDataProperties.swift in Sources */,
				C63395681D147B9C00CBB862 /* Entity.swift in Sources */,
				C633956A1D147B9E00CBB862 /* Data.xcdatamodeld in Sources */,
				C63395521D147B8D00CBB862 /* App.swift in Sources */,
				C63395651D147B9300CBB862 /* NSPersistentStoreCoordinator+Helper.swift in Sources */,
				C63395641D147B9100CBB862 /* LogFormatter.swift in Sources */,
				C63395671D147B9800CBB862 /* NSManagedObjectContext+Helper.swift in Sources */,
			);
			runOnlyForDeploymentPostprocessing = 0;
		};
/* End PBXSourcesBuildPhase section */

/* Begin XCBuildConfiguration section */
		C633958C1D147CFB00CBB862 /* Debug */ = {
			isa = XCBuildConfiguration;
			buildSettings = {
				APPLICATION_EXTENSION_API_ONLY = YES;
				DEFINES_MODULE = YES;
				DYLIB_COMPATIBILITY_VERSION = 1;
				DYLIB_CURRENT_VERSION = 1;
				DYLIB_INSTALL_NAME_BASE = "@rpath";
				INFOPLIST_FILE = CocoaSkeletonCore/watchOS/Info.plist;
				INSTALL_PATH = "$(LOCAL_LIBRARY_DIR)/Frameworks";
				LD_RUNPATH_SEARCH_PATHS = "$(inherited) @executable_path/Frameworks @loader_path/Frameworks";
				PRODUCT_BUNDLE_IDENTIFIER = "com.kornafeld.CocoaSkeletonCore-watchOS";
				PRODUCT_NAME = CocoaSkeletonCore;
				SDKROOT = watchos;
				SKIP_INSTALL = YES;
				TARGETED_DEVICE_FAMILY = 4;
				WATCHOS_DEPLOYMENT_TARGET = 2.2;
			};
			name = Debug;
		};
		C633958D1D147CFB00CBB862 /* Release */ = {
			isa = XCBuildConfiguration;
			buildSettings = {
				APPLICATION_EXTENSION_API_ONLY = YES;
				DEFINES_MODULE = YES;
				DYLIB_COMPATIBILITY_VERSION = 1;
				DYLIB_CURRENT_VERSION = 1;
				DYLIB_INSTALL_NAME_BASE = "@rpath";
				INFOPLIST_FILE = CocoaSkeletonCore/watchOS/Info.plist;
				INSTALL_PATH = "$(LOCAL_LIBRARY_DIR)/Frameworks";
				LD_RUNPATH_SEARCH_PATHS = "$(inherited) @executable_path/Frameworks @loader_path/Frameworks";
				PRODUCT_BUNDLE_IDENTIFIER = "com.kornafeld.CocoaSkeletonCore-watchOS";
				PRODUCT_NAME = CocoaSkeletonCore;
				SDKROOT = watchos;
				SKIP_INSTALL = YES;
				TARGETED_DEVICE_FAMILY = 4;
				WATCHOS_DEPLOYMENT_TARGET = 2.2;
			};
			name = Release;
		};
		C63395B81D147E1700CBB862 /* Debug */ = {
			isa = XCBuildConfiguration;
			buildSettings = {
				DEFINES_MODULE = YES;
				DYLIB_COMPATIBILITY_VERSION = 1;
				DYLIB_CURRENT_VERSION = 1;
				DYLIB_INSTALL_NAME_BASE = "@rpath";
				INFOPLIST_FILE = CocoaSkeletonCore/tvOS/Info.plist;
				INSTALL_PATH = "$(LOCAL_LIBRARY_DIR)/Frameworks";
				LD_RUNPATH_SEARCH_PATHS = "$(inherited) @executable_path/Frameworks @loader_path/Frameworks";
				PRODUCT_BUNDLE_IDENTIFIER = "com.kornafeld.CocoaSkeletonCore-tvOS";
				PRODUCT_NAME = CocoaSkeletonCore;
				SDKROOT = appletvos;
				SKIP_INSTALL = YES;
				TARGETED_DEVICE_FAMILY = 3;
				TVOS_DEPLOYMENT_TARGET = 9.2;
			};
			name = Debug;
		};
		C63395B91D147E1700CBB862 /* Release */ = {
			isa = XCBuildConfiguration;
			buildSettings = {
				DEFINES_MODULE = YES;
				DYLIB_COMPATIBILITY_VERSION = 1;
				DYLIB_CURRENT_VERSION = 1;
				DYLIB_INSTALL_NAME_BASE = "@rpath";
				INFOPLIST_FILE = CocoaSkeletonCore/tvOS/Info.plist;
				INSTALL_PATH = "$(LOCAL_LIBRARY_DIR)/Frameworks";
				LD_RUNPATH_SEARCH_PATHS = "$(inherited) @executable_path/Frameworks @loader_path/Frameworks";
				PRODUCT_BUNDLE_IDENTIFIER = "com.kornafeld.CocoaSkeletonCore-tvOS";
				PRODUCT_NAME = CocoaSkeletonCore;
				SDKROOT = appletvos;
				SKIP_INSTALL = YES;
				TARGETED_DEVICE_FAMILY = 3;
				TVOS_DEPLOYMENT_TARGET = 9.2;
			};
			name = Release;
		};
		C6721BB31D0DF384001097F0 /* Debug */ = {
			isa = XCBuildConfiguration;
			buildSettings = {
				ALWAYS_SEARCH_USER_PATHS = NO;
				CLANG_ANALYZER_NONNULL = YES;
				CLANG_CXX_LANGUAGE_STANDARD = "gnu++0x";
				CLANG_CXX_LIBRARY = "libc++";
				CLANG_ENABLE_MODULES = YES;
				CLANG_ENABLE_OBJC_ARC = YES;
				CLANG_WARN_BOOL_CONVERSION = YES;
				CLANG_WARN_CONSTANT_CONVERSION = YES;
				CLANG_WARN_DIRECT_OBJC_ISA_USAGE = YES_ERROR;
				CLANG_WARN_EMPTY_BODY = YES;
				CLANG_WARN_ENUM_CONVERSION = YES;
				CLANG_WARN_INT_CONVERSION = YES;
				CLANG_WARN_OBJC_ROOT_CLASS = YES_ERROR;
				CLANG_WARN_UNREACHABLE_CODE = YES;
				CLANG_WARN__DUPLICATE_METHOD_MATCH = YES;
				"CODE_SIGN_IDENTITY[sdk=iphoneos*]" = "iPhone Developer";
				COPY_PHASE_STRIP = NO;
				CURRENT_PROJECT_VERSION = 1;
				DEBUG_INFORMATION_FORMAT = dwarf;
				ENABLE_STRICT_OBJC_MSGSEND = YES;
				ENABLE_TESTABILITY = YES;
				GCC_C_LANGUAGE_STANDARD = gnu99;
				GCC_DYNAMIC_NO_PIC = NO;
				GCC_NO_COMMON_BLOCKS = YES;
				GCC_OPTIMIZATION_LEVEL = 0;
				GCC_PREPROCESSOR_DEFINITIONS = (
					"DEBUG=1",
					"$(inherited)",
				);
				GCC_WARN_64_TO_32_BIT_CONVERSION = YES;
				GCC_WARN_ABOUT_RETURN_TYPE = YES_ERROR;
				GCC_WARN_UNDECLARED_SELECTOR = YES;
				GCC_WARN_UNINITIALIZED_AUTOS = YES_AGGRESSIVE;
				GCC_WARN_UNUSED_FUNCTION = YES;
				GCC_WARN_UNUSED_VARIABLE = YES;
				IPHONEOS_DEPLOYMENT_TARGET = 9.3;
				MTL_ENABLE_DEBUG_INFO = YES;
				ONLY_ACTIVE_ARCH = YES;
				SDKROOT = iphoneos;
				SWIFT_OPTIMIZATION_LEVEL = "-Onone";
				TARGETED_DEVICE_FAMILY = "1,2";
				VERSIONING_SYSTEM = "apple-generic";
				VERSION_INFO_PREFIX = "";
			};
			name = Debug;
		};
		C6721BB41D0DF384001097F0 /* Release */ = {
			isa = XCBuildConfiguration;
			buildSettings = {
				ALWAYS_SEARCH_USER_PATHS = NO;
				CLANG_ANALYZER_NONNULL = YES;
				CLANG_CXX_LANGUAGE_STANDARD = "gnu++0x";
				CLANG_CXX_LIBRARY = "libc++";
				CLANG_ENABLE_MODULES = YES;
				CLANG_ENABLE_OBJC_ARC = YES;
				CLANG_WARN_BOOL_CONVERSION = YES;
				CLANG_WARN_CONSTANT_CONVERSION = YES;
				CLANG_WARN_DIRECT_OBJC_ISA_USAGE = YES_ERROR;
				CLANG_WARN_EMPTY_BODY = YES;
				CLANG_WARN_ENUM_CONVERSION = YES;
				CLANG_WARN_INT_CONVERSION = YES;
				CLANG_WARN_OBJC_ROOT_CLASS = YES_ERROR;
				CLANG_WARN_UNREACHABLE_CODE = YES;
				CLANG_WARN__DUPLICATE_METHOD_MATCH = YES;
				"CODE_SIGN_IDENTITY[sdk=iphoneos*]" = "iPhone Developer";
				COPY_PHASE_STRIP = NO;
				CURRENT_PROJECT_VERSION = 1;
				DEBUG_INFORMATION_FORMAT = "dwarf-with-dsym";
				ENABLE_NS_ASSERTIONS = NO;
				ENABLE_STRICT_OBJC_MSGSEND = YES;
				GCC_C_LANGUAGE_STANDARD = gnu99;
				GCC_NO_COMMON_BLOCKS = YES;
				GCC_WARN_64_TO_32_BIT_CONVERSION = YES;
				GCC_WARN_ABOUT_RETURN_TYPE = YES_ERROR;
				GCC_WARN_UNDECLARED_SELECTOR = YES;
				GCC_WARN_UNINITIALIZED_AUTOS = YES_AGGRESSIVE;
				GCC_WARN_UNUSED_FUNCTION = YES;
				GCC_WARN_UNUSED_VARIABLE = YES;
				IPHONEOS_DEPLOYMENT_TARGET = 9.3;
				MTL_ENABLE_DEBUG_INFO = NO;
				SDKROOT = iphoneos;
				TARGETED_DEVICE_FAMILY = "1,2";
				VALIDATE_PRODUCT = YES;
				VERSIONING_SYSTEM = "apple-generic";
				VERSION_INFO_PREFIX = "";
			};
			name = Release;
		};
		C6E1D7591D0F98B5007B7630 /* Debug */ = {
			isa = XCBuildConfiguration;
			buildSettings = {
				DEFINES_MODULE = YES;
				DYLIB_COMPATIBILITY_VERSION = 1;
				DYLIB_CURRENT_VERSION = 1;
				DYLIB_INSTALL_NAME_BASE = "@rpath";
				INFOPLIST_FILE = "$(SRCROOT)/CocoaSkeletonCore/iOS/Info.plist";
				INSTALL_PATH = "$(LOCAL_LIBRARY_DIR)/Frameworks";
				LD_RUNPATH_SEARCH_PATHS = "$(inherited) @executable_path/Frameworks @loader_path/Frameworks";
				PRODUCT_BUNDLE_IDENTIFIER = com.kornafeld.CocoaSkeletonCore;
				PRODUCT_NAME = CocoaSkeletonCore;
				SKIP_INSTALL = YES;
			};
			name = Debug;
		};
		C6E1D75A1D0F98B5007B7630 /* Release */ = {
			isa = XCBuildConfiguration;
			buildSettings = {
				DEFINES_MODULE = YES;
				DYLIB_COMPATIBILITY_VERSION = 1;
				DYLIB_CURRENT_VERSION = 1;
				DYLIB_INSTALL_NAME_BASE = "@rpath";
				INFOPLIST_FILE = "$(SRCROOT)/CocoaSkeletonCore/iOS/Info.plist";
				INSTALL_PATH = "$(LOCAL_LIBRARY_DIR)/Frameworks";
				LD_RUNPATH_SEARCH_PATHS = "$(inherited) @executable_path/Frameworks @loader_path/Frameworks";
				PRODUCT_BUNDLE_IDENTIFIER = com.kornafeld.CocoaSkeletonCore;
				PRODUCT_NAME = CocoaSkeletonCore;
				SKIP_INSTALL = YES;
			};
			name = Release;
		};
		C6E1D7661D0F98C3007B7630 /* Debug */ = {
			isa = XCBuildConfiguration;
			buildSettings = {
				CODE_SIGN_IDENTITY = "-";
				COMBINE_HIDPI_IMAGES = YES;
				DEFINES_MODULE = YES;
				DYLIB_COMPATIBILITY_VERSION = 1;
				DYLIB_CURRENT_VERSION = 1;
				DYLIB_INSTALL_NAME_BASE = "@rpath";
				FRAMEWORK_VERSION = A;
				INFOPLIST_FILE = "$(SRCROOT)/CocoaSkeletonCore/macOS/Info.plist";
				INSTALL_PATH = "$(LOCAL_LIBRARY_DIR)/Frameworks";
				LD_RUNPATH_SEARCH_PATHS = "$(inherited) @executable_path/../Frameworks @loader_path/Frameworks";
				MACOSX_DEPLOYMENT_TARGET = 10.11;
				PRODUCT_BUNDLE_IDENTIFIER = com.kornafeld.CocoaSkeletonCore;
				PRODUCT_NAME = CocoaSkeletonCore;
				SDKROOT = macosx;
				SKIP_INSTALL = YES;
			};
			name = Debug;
		};
		C6E1D7671D0F98C3007B7630 /* Release */ = {
			isa = XCBuildConfiguration;
			buildSettings = {
				CODE_SIGN_IDENTITY = "-";
				COMBINE_HIDPI_IMAGES = YES;
				DEFINES_MODULE = YES;
				DYLIB_COMPATIBILITY_VERSION = 1;
				DYLIB_CURRENT_VERSION = 1;
				DYLIB_INSTALL_NAME_BASE = "@rpath";
				FRAMEWORK_VERSION = A;
				INFOPLIST_FILE = "$(SRCROOT)/CocoaSkeletonCore/macOS/Info.plist";
				INSTALL_PATH = "$(LOCAL_LIBRARY_DIR)/Frameworks";
				LD_RUNPATH_SEARCH_PATHS = "$(inherited) @executable_path/../Frameworks @loader_path/Frameworks";
				MACOSX_DEPLOYMENT_TARGET = 10.11;
				PRODUCT_BUNDLE_IDENTIFIER = com.kornafeld.CocoaSkeletonCore;
				PRODUCT_NAME = CocoaSkeletonCore;
				SDKROOT = macosx;
				SKIP_INSTALL = YES;
			};
			name = Release;
		};
/* End XCBuildConfiguration section */

/* Begin XCConfigurationList section */
		C633959E1D147CFB00CBB862 /* Build configuration list for PBXNativeTarget "CocoaSkeletonCore-watchOS" */ = {
			isa = XCConfigurationList;
			buildConfigurations = (
				C633958C1D147CFB00CBB862 /* Debug */,
				C633958D1D147CFB00CBB862 /* Release */,
			);
			defaultConfigurationIsVisible = 0;
		};
		C63395B71D147E1700CBB862 /* Build configuration list for PBXNativeTarget "CocoaSkeletonCore-tvOS" */ = {
			isa = XCConfigurationList;
			buildConfigurations = (
				C63395B81D147E1700CBB862 /* Debug */,
				C63395B91D147E1700CBB862 /* Release */,
			);
			defaultConfigurationIsVisible = 0;
		};
		C6721BA71D0DF384001097F0 /* Build configuration list for PBXProject "CocoaSkeletonCore" */ = {
			isa = XCConfigurationList;
			buildConfigurations = (
				C6721BB31D0DF384001097F0 /* Debug */,
				C6721BB41D0DF384001097F0 /* Release */,
			);
			defaultConfigurationIsVisible = 0;
			defaultConfigurationName = Release;
		};
		C6E1D7581D0F98B5007B7630 /* Build configuration list for PBXNativeTarget "CocoaSkeletonCore-iOS" */ = {
			isa = XCConfigurationList;
			buildConfigurations = (
				C6E1D7591D0F98B5007B7630 /* Debug */,
				C6E1D75A1D0F98B5007B7630 /* Release */,
			);
			defaultConfigurationIsVisible = 0;
			defaultConfigurationName = Release;
		};
		C6E1D7651D0F98C3007B7630 /* Build configuration list for PBXNativeTarget "CocoaSkeletonCore-macOS" */ = {
			isa = XCConfigurationList;
			buildConfigurations = (
				C6E1D7661D0F98C3007B7630 /* Debug */,
				C6E1D7671D0F98C3007B7630 /* Release */,
			);
			defaultConfigurationIsVisible = 0;
			defaultConfigurationName = Release;
		};
/* End XCConfigurationList section */

/* Begin XCVersionGroup section */
		C63395011D14708B00CBB862 /* Data.xcdatamodeld */ = {
			isa = XCVersionGroup;
			children = (
			);
			name = Data.xcdatamodeld;
			path = ../CocoaSkeletonCore/Data.xcdatamodeld;
			sourceTree = "<group>";
			versionGroupType = wrapper.xcdatamodel;
		};
/* End XCVersionGroup section */
	};
	rootObject = C6721BA41D0DF384001097F0 /* Project object */;
}
